
Microsoft Visual Studio Solution File, Format Version 12.00
# Visual Studio Version 17
VisualStudioVersion = 17.4.33205.214
MinimumVisualStudioVersion = 10.0.40219.1
Project("{FAE04EC0-301F-11D3-BF4B-00C04F79EFBC}") = "KeepNoteAPI", "KeepNoteAPI\KeepNoteAPI.csproj", "{C6B88AA7-488B-48C1-AE1B-61C20DC126F5}"
EndProject
Global
	GlobalSection(SolutionConfigurationPlatforms) = preSolution
		Debug|Any CPU = Debug|Any CPU
		Release|Any CPU = Release|Any CPU
	EndGlobalSection
	GlobalSection(ProjectConfigurationPlatforms) = postSolution
		{C6B88AA7-488B-48C1-AE1B-61C20DC126F5}.Debug|Any CPU.ActiveCfg = Debug|Any CPU
		{C6B88AA7-488B-48C1-AE1B-61C20DC126F5}.Debug|Any CPU.Build.0 = Debug|Any CPU
		{C6B88AA7-488B-48C1-AE1B-61C20DC126F5}.Release|Any CPU.ActiveCfg = Release|Any CPU
		{C6B88AA7-488B-48C1-AE1B-61C20DC126F5}.Release|Any CPU.Build.0 = Release|Any CPU
	EndGlobalSection
	GlobalSection(SolutionProperties) = preSolution
		HideSolutionNode = FALSE
	EndGlobalSection
	GlobalSection(ExtensibilityGlobals) = postSolution
		SolutionGuid = {F65A2407-C497-460E-8C9C-F07973231BCA}
	EndGlobalSection
EndGlobal
